
Microsoft Visual Studio Solution File, Format Version 12.00
# Visual Studio Version 16
VisualStudioVersion = 16.0.810.16
MinimumVisualStudioVersion = 10.0.40219.1
Project("{FAE04EC0-301F-11D3-BF4B-00C04F79EFBC}") = "UserInputFiles", "UserInputFiles\UserInputFiles.csproj", "{3CB750BA-12A2-4ED4-860B-68DD7F98FF64}"
EndProject
Global
	GlobalSection(SolutionConfigurationPlatforms) = preSolution
		Debug|Any CPU = Debug|Any CPU
		Release|Any CPU = Release|Any CPU
	EndGlobalSection
	GlobalSection(ProjectConfigurationPlatforms) = postSolution
		{3CB750BA-12A2-4ED4-860B-68DD7F98FF64}.Debug|Any CPU.ActiveCfg = Debug|Any CPU
		{3CB750BA-12A2-4ED4-860B-68DD7F98FF64}.Debug|Any CPU.Build.0 = Debug|Any CPU
		{3CB750BA-12A2-4ED4-860B-68DD7F98FF64}.Release|Any CPU.ActiveCfg = Release|Any CPU
		{3CB750BA-12A2-4ED4-860B-68DD7F98FF64}.Release|Any CPU.Build.0 = Release|Any CPU
	EndGlobalSection
	GlobalSection(SolutionProperties) = preSolution
		HideSolutionNode = FALSE
	EndGlobalSection
	GlobalSection(ExtensibilityGlobals) = postSolution
		SolutionGuid = {B5CF87E2-8880-4C99-88DE-6FC6139BBF09}
	EndGlobalSection
EndGlobal
