
Microsoft Visual Studio Solution File, Format Version 12.00
# Visual Studio Version 16
VisualStudioVersion = 16.0.32106.194
MinimumVisualStudioVersion = 10.0.40219.1
Project("{FAE04EC0-301F-11D3-BF4B-00C04F79EFBC}") = "LinkedLists", "LinkedLists\LinkedLists.csproj", "{ED40E8B6-E672-499E-B769-78A29E5A6DAD}"
EndProject
Global
	GlobalSection(SolutionConfigurationPlatforms) = preSolution
		Debug|Any CPU = Debug|Any CPU
		Release|Any CPU = Release|Any CPU
	EndGlobalSection
	GlobalSection(ProjectConfigurationPlatforms) = postSolution
		{ED40E8B6-E672-499E-B769-78A29E5A6DAD}.Debug|Any CPU.ActiveCfg = Debug|Any CPU
		{ED40E8B6-E672-499E-B769-78A29E5A6DAD}.Debug|Any CPU.Build.0 = Debug|Any CPU
		{ED40E8B6-E672-499E-B769-78A29E5A6DAD}.Release|Any CPU.ActiveCfg = Release|Any CPU
		{ED40E8B6-E672-499E-B769-78A29E5A6DAD}.Release|Any CPU.Build.0 = Release|Any CPU
	EndGlobalSection
	GlobalSection(SolutionProperties) = preSolution
		HideSolutionNode = FALSE
	EndGlobalSection
	GlobalSection(ExtensibilityGlobals) = postSolution
		SolutionGuid = {22A0CAAB-8454-47A4-B7FA-5AB2CBC5892C}
	EndGlobalSection
EndGlobal
